prepare:
  cmd: python src/prepare.py
  deps:
  - path: data/raw
    md5: c4920127cf950ec1722bf474b78fa796.dir
    size: 106551216
    nfiles: 13397
  - path: src/prepare.py
    md5: ef804f358e00edcfe52c865b471f8f55
    size: 1231
  outs:
  - path: data/prepared/test.csv
    md5: f6eda6fb0d7737164308628c3ab1c7bf
    size: 86482
  - path: data/prepared/train.csv
    md5: e1d917d9516094672b3f9c451bff295c
    size: 218191
train:
  cmd: python src/train.py
  deps:
  - path: data/prepared/train.csv
    md5: e1d917d9516094672b3f9c451bff295c
    size: 218191
  - path: src/train.py
    md5: 78c68b93172c982020cf56fe1d1e6988
    size: 1459
  outs:
  - path: model/model.joblib
    md5: 515f3e8a3473745b613169483b493791
    size: 241082
evaluate:
  cmd: python src/evaluate.py
  deps:
  - path: model/model.joblib
    md5: 515f3e8a3473745b613169483b493791
    size: 241082
  - path: src/evaluate.py
    md5: b197277667d6269271fff4ae4af8a941
    size: 645
  outs:
  - path: metrics/accuracy.json
    md5: 3848b2bcc4e03c013c6edc91dcf014d4
    size: 32
